
Microsoft Visual Studio Solution File, Format Version 12.00
# Visual Studio Version 17
VisualStudioVersion = 17.1.32210.238
MinimumVisualStudioVersion = 10.0.40219.1
Project("{8BC9CEB8-8B4A-11D0-8D11-00A0C91BC942}") = "001_BMI", "001_BMI\001_BMI.vcxproj", "{204A4DC2-C05F-449E-9B59-2B1AC45F1AD6}"
EndProject
Project("{9A19103F-16F7-4668-BE54-9A1E7A4F7556}") = "002_BMI_CS", "002_BMI_CS\002_BMI_CS.csproj", "{FE7BFBF0-4598-4F37-82A6-9224123A13A7}"
EndProject
Project("{FAE04EC0-301F-11D3-BF4B-00C04F79EFBC}") = "003_BMI_WD", "003_BMI_wd\003_BMI_WD.csproj", "{245CAC5F-13D2-46CD-A612-4E7C352A25F5}"
EndProject
Project("{9A19103F-16F7-4668-BE54-9A1E7A4F7556}") = "004_SUM_CS", "004_합계\004_SUM_CS.csproj", "{F76DD1F4-6C45-44B5-BA95-818A80002CC0}"
EndProject
Project("{9A19103F-16F7-4668-BE54-9A1E7A4F7556}") = "005. Random_CS", "005. Random_CS\005. Random_CS.csproj", "{BF40F5C6-C0E2-4805-A7B4-CA0831F02BA6}"
EndProject
Project("{9A19103F-16F7-4668-BE54-9A1E7A4F7556}") = "006.Pyramid_CS", "006.Pyramid_CS\006.Pyramid_CS.csproj", "{58B27C25-E266-4CAE-8EE8-D1B35B271672}"
EndProject
Project("{9A19103F-16F7-4668-BE54-9A1E7A4F7556}") = "009.Hanoi", "ConsoleApp1\009.Hanoi.csproj", "{14AA593E-2724-40C5-A7FC-6ED406B2DBF8}"
EndProject
Project("{FAE04EC0-301F-11D3-BF4B-00C04F79EFBC}") = "010_HelloWorld", "010_HelloWorld\010_HelloWorld.csproj", "{D9D36D72-08C4-491E-8EC5-CED8A5331EF0}"
EndProject
Project("{FAE04EC0-301F-11D3-BF4B-00C04F79EFBC}") = "011_Forms", "011.Forms\011_Forms.csproj", "{36D4F183-57CB-458F-8BAB-27C84C7DFA15}"
EndProject
Project("{FAE04EC0-301F-11D3-BF4B-00C04F79EFBC}") = "012_MessageBox", "012_MessageBox\012_MessageBox.csproj", "{6F52B1E5-5ABA-420F-9908-62CACEA71F31}"
EndProject
Project("{FAE04EC0-301F-11D3-BF4B-00C04F79EFBC}") = "013_BasicControls", "13_BasicControls\013_BasicControls.csproj", "{9B4E9722-F14C-4DAA-B386-DCD0A92583DF}"
EndProject
Project("{FAE04EC0-301F-11D3-BF4B-00C04F79EFBC}") = "014_Labels", "014_Labels\014_Labels.csproj", "{C215DCF2-6A5F-4B21-A30B-0ECA4F8CEFD3}"
EndProject
Project("{FAE04EC0-301F-11D3-BF4B-00C04F79EFBC}") = "015_CheckBox", "015_CheckBox\015_CheckBox.csproj", "{723E6916-0E9F-4717-84DD-9D0A54BA9745}"
EndProject
Project("{FAE04EC0-301F-11D3-BF4B-00C04F79EFBC}") = "016_RadioButton", "016_RadioButton\016_RadioButton.csproj", "{4BDDC4F7-831E-4838-95FE-7DAD6245CB22}"
EndProject
Project("{FAE04EC0-301F-11D3-BF4B-00C04F79EFBC}") = "017_scoreCalc", "017_scoreCalc\017_scoreCalc.csproj", "{2A60771F-65DD-4407-BD5D-EE83BE0ACD52}"
EndProject
Project("{FAE04EC0-301F-11D3-BF4B-00C04F79EFBC}") = "018_ScrollBar", "018_ScrollBar\018_ScrollBar.csproj", "{3CA054DD-BF74-418F-99DA-4E80FB66577A}"
EndProject
Project("{FAE04EC0-301F-11D3-BF4B-00C04F79EFBC}") = "019_Listboxx", "019_Listboxx\019_Listboxx.csproj", "{EF67B91D-E46B-433A-AEE2-2104AD867FF4}"
EndProject
Project("{FAE04EC0-301F-11D3-BF4B-00C04F79EFBC}") = "020_ComboBox", "020_ComboBox\020_ComboBox.csproj", "{27EB61EC-7BFA-4956-9772-6428556DA812}"
EndProject
Project("{FAE04EC0-301F-11D3-BF4B-00C04F79EFBC}") = "021_score_calc", "021_ComboBox\021_score_calc.csproj", "{5E89ABAE-6527-4D2D-BA8A-095E78E1B015}"
EndProject
Project("{FAE04EC0-301F-11D3-BF4B-00C04F79EFBC}") = "022_timer", "022_timer\022_timer.csproj", "{CD64CB3E-F373-48D2-AE51-1978C663A5A7}"
EndProject
Project("{FAE04EC0-301F-11D3-BF4B-00C04F79EFBC}") = "023_dateTimepick", "023_dateTimepick\023_dateTimepick.csproj", "{815918A9-0BCD-4AB5-AA67-B221ABFF3CA5}"
EndProject
Project("{FAE04EC0-301F-11D3-BF4B-00C04F79EFBC}") = "024_WMP", "024_WMP\024_WMP.csproj", "{A456BF80-85A2-4051-9BD0-048E1CC38277}"
EndProject
Project("{9A19103F-16F7-4668-BE54-9A1E7A4F7556}") = "025_WPFHello", "025_WPFHello\025_WPFHello.csproj", "{F39D1896-0BA9-4F57-B6B5-E9ACF41C0569}"
EndProject
Project("{9A19103F-16F7-4668-BE54-9A1E7A4F7556}") = "026_grid", "026_grid\026_grid.csproj", "{679A6079-21CE-4D26-9809-5750F1D8F499}"
EndProject
Project("{9A19103F-16F7-4668-BE54-9A1E7A4F7556}") = "027_stackPanel", "027_stackPanel\027_stackPanel.csproj", "{05D99840-9A2B-45F4-ACEA-D77981EC3458}"
EndProject
Project("{9A19103F-16F7-4668-BE54-9A1E7A4F7556}") = "028_UserControl", "028_UserControl\028_UserControl.csproj", "{6D048E02-E755-43D1-B55E-1ED8EAC74662}"
EndProject
Project("{9A19103F-16F7-4668-BE54-9A1E7A4F7556}") = "029_Grid", "029_Grid\029_Grid.csproj", "{B472A097-0869-4301-8B26-967D08B535AD}"
EndProject
Project("{9A19103F-16F7-4668-BE54-9A1E7A4F7556}") = "030_ChessBoard", "030_ChessBoard\030_ChessBoard.csproj", "{993C449B-21CC-43F0-9CB5-C436FEF40E1A}"
EndProject
Project("{FAE04EC0-301F-11D3-BF4B-00C04F79EFBC}") = "031_WindowCaculator", "031_WindowCaculator\031_WindowCaculator.csproj", "{579F9F19-D561-4055-A676-9550886C7B9D}"
EndProject
Global
	GlobalSection(SolutionConfigurationPlatforms) = preSolution
		Debug|Any CPU = Debug|Any CPU
		Debug|x64 = Debug|x64
		Debug|x86 = Debug|x86
		Release|Any CPU = Release|Any CPU
		Release|x64 = Release|x64
		Release|x86 = Release|x86
	EndGlobalSection
	GlobalSection(ProjectConfigurationPlatforms) = postSolution
		{204A4DC2-C05F-449E-9B59-2B1AC45F1AD6}.Debug|Any CPU.ActiveCfg = Debug|x64
		{204A4DC2-C05F-449E-9B59-2B1AC45F1AD6}.Debug|Any CPU.Build.0 = Debug|x64
		{204A4DC2-C05F-449E-9B59-2B1AC45F1AD6}.Debug|x64.ActiveCfg = Debug|x64
		{204A4DC2-C05F-449E-9B59-2B1AC45F1AD6}.Debug|x64.Build.0 = Debug|x64
		{204A4DC2-C05F-449E-9B59-2B1AC45F1AD6}.Debug|x86.ActiveCfg = Debug|Win32
		{204A4DC2-C05F-449E-9B59-2B1AC45F1AD6}.Debug|x86.Build.0 = Debug|Win32
		{204A4DC2-C05F-449E-9B59-2B1AC45F1AD6}.Release|Any CPU.ActiveCfg = Release|x64
		{204A4DC2-C05F-449E-9B59-2B1AC45F1AD6}.Release|Any CPU.Build.0 = Release|x64
		{204A4DC2-C05F-449E-9B59-2B1AC45F1AD6}.Release|x64.ActiveCfg = Release|x64
		{204A4DC2-C05F-449E-9B59-2B1AC45F1AD6}.Release|x64.Build.0 = Release|x64
		{204A4DC2-C05F-449E-9B59-2B1AC45F1AD6}.Release|x86.ActiveCfg = Release|Win32
		{204A4DC2-C05F-449E-9B59-2B1AC45F1AD6}.Release|x86.Build.0 = Release|Win32
		{FE7BFBF0-4598-4F37-82A6-9224123A13A7}.Debug|Any CPU.ActiveCfg = Debug|Any CPU
		{FE7BFBF0-4598-4F37-82A6-9224123A13A7}.Debug|Any CPU.Build.0 = Debug|Any CPU
		{FE7BFBF0-4598-4F37-82A6-9224123A13A7}.Debug|x64.ActiveCfg = Debug|Any CPU
		{FE7BFBF0-4598-4F37-82A6-9224123A13A7}.Debug|x64.Build.0 = Debug|Any CPU
		{FE7BFBF0-4598-4F37-82A6-9224123A13A7}.Debug|x86.ActiveCfg = Debug|Any CPU
		{FE7BFBF0-4598-4F37-82A6-9224123A13A7}.Debug|x86.Build.0 = Debug|Any CPU
		{FE7BFBF0-4598-4F37-82A6-9224123A13A7}.Release|Any CPU.ActiveCfg = Release|Any CPU
		{FE7BFBF0-4598-4F37-82A6-9224123A13A7}.Release|Any CPU.Build.0 = Release|Any CPU
		{FE7BFBF0-4598-4F37-82A6-9224123A13A7}.Release|x64.ActiveCfg = Release|Any CPU
		{FE7BFBF0-4598-4F37-82A6-9224123A13A7}.Release|x64.Build.0 = Release|Any CPU
		{FE7BFBF0-4598-4F37-82A6-9224123A13A7}.Release|x86.ActiveCfg = Release|Any CPU
		{FE7BFBF0-4598-4F37-82A6-9224123A13A7}.Release|x86.Build.0 = Release|Any CPU
		{245CAC5F-13D2-46CD-A612-4E7C352A25F5}.Debug|Any CPU.ActiveCfg = Debug|Any CPU
		{245CAC5F-13D2-46CD-A612-4E7C352A25F5}.Debug|Any CPU.Build.0 = Debug|Any CPU
		{245CAC5F-13D2-46CD-A612-4E7C352A25F5}.Debug|x64.ActiveCfg = Debug|Any CPU
		{245CAC5F-13D2-46CD-A612-4E7C352A25F5}.Debug|x64.Build.0 = Debug|Any CPU
		{245CAC5F-13D2-46CD-A612-4E7C352A25F5}.Debug|x86.ActiveCfg = Debug|Any CPU
		{245CAC5F-13D2-46CD-A612-4E7C352A25F5}.Debug|x86.Build.0 = Debug|Any CPU
		{245CAC5F-13D2-46CD-A612-4E7C352A25F5}.Release|Any CPU.ActiveCfg = Release|Any CPU
		{245CAC5F-13D2-46CD-A612-4E7C352A25F5}.Release|Any CPU.Build.0 = Release|Any CPU
		{245CAC5F-13D2-46CD-A612-4E7C352A25F5}.Release|x64.ActiveCfg = Release|Any CPU
		{245CAC5F-13D2-46CD-A612-4E7C352A25F5}.Release|x64.Build.0 = Release|Any CPU
		{245CAC5F-13D2-46CD-A612-4E7C352A25F5}.Release|x86.ActiveCfg = Release|Any CPU
		{245CAC5F-13D2-46CD-A612-4E7C352A25F5}.Release|x86.Build.0 = Release|Any CPU
		{F76DD1F4-6C45-44B5-BA95-818A80002CC0}.Debug|Any CPU.ActiveCfg = Debug|Any CPU
		{F76DD1F4-6C45-44B5-BA95-818A80002CC0}.Debug|Any CPU.Build.0 = Debug|Any CPU
		{F76DD1F4-6C45-44B5-BA95-818A80002CC0}.Debug|x64.ActiveCfg = Debug|Any CPU
		{F76DD1F4-6C45-44B5-BA95-818A80002CC0}.Debug|x64.Build.0 = Debug|Any CPU
		{F76DD1F4-6C45-44B5-BA95-818A80002CC0}.Debug|x86.ActiveCfg = Debug|Any CPU
		{F76DD1F4-6C45-44B5-BA95-818A80002CC0}.Debug|x86.Build.0 = Debug|Any CPU
		{F76DD1F4-6C45-44B5-BA95-818A80002CC0}.Release|Any CPU.ActiveCfg = Release|Any CPU
		{F76DD1F4-6C45-44B5-BA95-818A80002CC0}.Release|Any CPU.Build.0 = Release|Any CPU
		{F76DD1F4-6C45-44B5-BA95-818A80002CC0}.Release|x64.ActiveCfg = Release|Any CPU
		{F76DD1F4-6C45-44B5-BA95-818A80002CC0}.Release|x64.Build.0 = Release|Any CPU
		{F76DD1F4-6C45-44B5-BA95-818A80002CC0}.Release|x86.ActiveCfg = Release|Any CPU
		{F76DD1F4-6C45-44B5-BA95-818A80002CC0}.Release|x86.Build.0 = Release|Any CPU
		{BF40F5C6-C0E2-4805-A7B4-CA0831F02BA6}.Debug|Any CPU.ActiveCfg = Debug|Any CPU
		{BF40F5C6-C0E2-4805-A7B4-CA0831F02BA6}.Debug|Any CPU.Build.0 = Debug|Any CPU
		{BF40F5C6-C0E2-4805-A7B4-CA0831F02BA6}.Debug|x64.ActiveCfg = Debug|Any CPU
		{BF40F5C6-C0E2-4805-A7B4-CA0831F02BA6}.Debug|x64.Build.0 = Debug|Any CPU
		{BF40F5C6-C0E2-4805-A7B4-CA0831F02BA6}.Debug|x86.ActiveCfg = Debug|Any CPU
		{BF40F5C6-C0E2-4805-A7B4-CA0831F02BA6}.Debug|x86.Build.0 = Debug|Any CPU
		{BF40F5C6-C0E2-4805-A7B4-CA0831F02BA6}.Release|Any CPU.ActiveCfg = Release|Any CPU
		{BF40F5C6-C0E2-4805-A7B4-CA0831F02BA6}.Release|Any CPU.Build.0 = Release|Any CPU
		{BF40F5C6-C0E2-4805-A7B4-CA0831F02BA6}.Release|x64.ActiveCfg = Release|Any CPU
		{BF40F5C6-C0E2-4805-A7B4-CA0831F02BA6}.Release|x64.Build.0 = Release|Any CPU
		{BF40F5C6-C0E2-4805-A7B4-CA0831F02BA6}.Release|x86.ActiveCfg = Release|Any CPU
		{BF40F5C6-C0E2-4805-A7B4-CA0831F02BA6}.Release|x86.Build.0 = Release|Any CPU
		{58B27C25-E266-4CAE-8EE8-D1B35B271672}.Debug|Any CPU.ActiveCfg = Debug|Any CPU
		{58B27C25-E266-4CAE-8EE8-D1B35B271672}.Debug|Any CPU.Build.0 = Debug|Any CPU
		{58B27C25-E266-4CAE-8EE8-D1B35B271672}.Debug|x64.ActiveCfg = Debug|Any CPU
		{58B27C25-E266-4CAE-8EE8-D1B35B271672}.Debug|x64.Build.0 = Debug|Any CPU
		{58B27C25-E266-4CAE-8EE8-D1B35B271672}.Debug|x86.ActiveCfg = Debug|Any CPU
		{58B27C25-E266-4CAE-8EE8-D1B35B271672}.Debug|x86.Build.0 = Debug|Any CPU
		{58B27C25-E266-4CAE-8EE8-D1B35B271672}.Release|Any CPU.ActiveCfg = Release|Any CPU
		{58B27C25-E266-4CAE-8EE8-D1B35B271672}.Release|Any CPU.Build.0 = Release|Any CPU
		{58B27C25-E266-4CAE-8EE8-D1B35B271672}.Release|x64.ActiveCfg = Release|Any CPU
		{58B27C25-E266-4CAE-8EE8-D1B35B271672}.Release|x64.Build.0 = Release|Any CPU
		{58B27C25-E266-4CAE-8EE8-D1B35B271672}.Release|x86.ActiveCfg = Release|Any CPU
		{58B27C25-E266-4CAE-8EE8-D1B35B271672}.Release|x86.Build.0 = Release|Any CPU
		{14AA593E-2724-40C5-A7FC-6ED406B2DBF8}.Debug|Any CPU.ActiveCfg = Debug|Any CPU
		{14AA593E-2724-40C5-A7FC-6ED406B2DBF8}.Debug|Any CPU.Build.0 = Debug|Any CPU
		{14AA593E-2724-40C5-A7FC-6ED406B2DBF8}.Debug|x64.ActiveCfg = Debug|Any CPU
		{14AA593E-2724-40C5-A7FC-6ED406B2DBF8}.Debug|x64.Build.0 = Debug|Any CPU
		{14AA593E-2724-40C5-A7FC-6ED406B2DBF8}.Debug|x86.ActiveCfg = Debug|Any CPU
		{14AA593E-2724-40C5-A7FC-6ED406B2DBF8}.Debug|x86.Build.0 = Debug|Any CPU
		{14AA593E-2724-40C5-A7FC-6ED406B2DBF8}.Release|Any CPU.ActiveCfg = Release|Any CPU
		{14AA593E-2724-40C5-A7FC-6ED406B2DBF8}.Release|Any CPU.Build.0 = Release|Any CPU
		{14AA593E-2724-40C5-A7FC-6ED406B2DBF8}.Release|x64.ActiveCfg = Release|Any CPU
		{14AA593E-2724-40C5-A7FC-6ED406B2DBF8}.Release|x64.Build.0 = Release|Any CPU
		{14AA593E-2724-40C5-A7FC-6ED406B2DBF8}.Release|x86.ActiveCfg = Release|Any CPU
		{14AA593E-2724-40C5-A7FC-6ED406B2DBF8}.Release|x86.Build.0 = Release|Any CPU
		{D9D36D72-08C4-491E-8EC5-CED8A5331EF0}.Debug|Any CPU.ActiveCfg = Debug|Any CPU
		{D9D36D72-08C4-491E-8EC5-CED8A5331EF0}.Debug|Any CPU.Build.0 = Debug|Any CPU
		{D9D36D72-08C4-491E-8EC5-CED8A5331EF0}.Debug|x64.ActiveCfg = Debug|Any CPU
		{D9D36D72-08C4-491E-8EC5-CED8A5331EF0}.Debug|x64.Build.0 = Debug|Any CPU
		{D9D36D72-08C4-491E-8EC5-CED8A5331EF0}.Debug|x86.ActiveCfg = Debug|Any CPU
		{D9D36D72-08C4-491E-8EC5-CED8A5331EF0}.Debug|x86.Build.0 = Debug|Any CPU
		{D9D36D72-08C4-491E-8EC5-CED8A5331EF0}.Release|Any CPU.ActiveCfg = Release|Any CPU
		{D9D36D72-08C4-491E-8EC5-CED8A5331EF0}.Release|Any CPU.Build.0 = Release|Any CPU
		{D9D36D72-08C4-491E-8EC5-CED8A5331EF0}.Release|x64.ActiveCfg = Release|Any CPU
		{D9D36D72-08C4-491E-8EC5-CED8A5331EF0}.Release|x64.Build.0 = Release|Any CPU
		{D9D36D72-08C4-491E-8EC5-CED8A5331EF0}.Release|x86.ActiveCfg = Release|Any CPU
		{D9D36D72-08C4-491E-8EC5-CED8A5331EF0}.Release|x86.Build.0 = Release|Any CPU
		{36D4F183-57CB-458F-8BAB-27C84C7DFA15}.Debug|Any CPU.ActiveCfg = Debug|Any CPU
		{36D4F183-57CB-458F-8BAB-27C84C7DFA15}.Debug|Any CPU.Build.0 = Debug|Any CPU
		{36D4F183-57CB-458F-8BAB-27C84C7DFA15}.Debug|x64.ActiveCfg = Debug|Any CPU
		{36D4F183-57CB-458F-8BAB-27C84C7DFA15}.Debug|x64.Build.0 = Debug|Any CPU
		{36D4F183-57CB-458F-8BAB-27C84C7DFA15}.Debug|x86.ActiveCfg = Debug|Any CPU
		{36D4F183-57CB-458F-8BAB-27C84C7DFA15}.Debug|x86.Build.0 = Debug|Any CPU
		{36D4F183-57CB-458F-8BAB-27C84C7DFA15}.Release|Any CPU.ActiveCfg = Release|Any CPU
		{36D4F183-57CB-458F-8BAB-27C84C7DFA15}.Release|Any CPU.Build.0 = Release|Any CPU
		{36D4F183-57CB-458F-8BAB-27C84C7DFA15}.Release|x64.ActiveCfg = Release|Any CPU
		{36D4F183-57CB-458F-8BAB-27C84C7DFA15}.Release|x64.Build.0 = Release|Any CPU
		{36D4F183-57CB-458F-8BAB-27C84C7DFA15}.Release|x86.ActiveCfg = Release|Any CPU
		{36D4F183-57CB-458F-8BAB-27C84C7DFA15}.Release|x86.Build.0 = Release|Any CPU
		{6F52B1E5-5ABA-420F-9908-62CACEA71F31}.Debug|Any CPU.ActiveCfg = Debug|Any CPU
		{6F52B1E5-5ABA-420F-9908-62CACEA71F31}.Debug|Any CPU.Build.0 = Debug|Any CPU
		{6F52B1E5-5ABA-420F-9908-62CACEA71F31}.Debug|x64.ActiveCfg = Debug|Any CPU
		{6F52B1E5-5ABA-420F-9908-62CACEA71F31}.Debug|x64.Build.0 = Debug|Any CPU
		{6F52B1E5-5ABA-420F-9908-62CACEA71F31}.Debug|x86.ActiveCfg = Debug|Any CPU
		{6F52B1E5-5ABA-420F-9908-62CACEA71F31}.Debug|x86.Build.0 = Debug|Any CPU
		{6F52B1E5-5ABA-420F-9908-62CACEA71F31}.Release|Any CPU.ActiveCfg = Release|Any CPU
		{6F52B1E5-5ABA-420F-9908-62CACEA71F31}.Release|Any CPU.Build.0 = Release|Any CPU
		{6F52B1E5-5ABA-420F-9908-62CACEA71F31}.Release|x64.ActiveCfg = Release|Any CPU
		{6F52B1E5-5ABA-420F-9908-62CACEA71F31}.Release|x64.Build.0 = Release|Any CPU
		{6F52B1E5-5ABA-420F-9908-62CACEA71F31}.Release|x86.ActiveCfg = Release|Any CPU
		{6F52B1E5-5ABA-420F-9908-62CACEA71F31}.Release|x86.Build.0 = Release|Any CPU
		{9B4E9722-F14C-4DAA-B386-DCD0A92583DF}.Debug|Any CPU.ActiveCfg = Debug|Any CPU
		{9B4E9722-F14C-4DAA-B386-DCD0A92583DF}.Debug|Any CPU.Build.0 = Debug|Any CPU
		{9B4E9722-F14C-4DAA-B386-DCD0A92583DF}.Debug|x64.ActiveCfg = Debug|Any CPU
		{9B4E9722-F14C-4DAA-B386-DCD0A92583DF}.Debug|x64.Build.0 = Debug|Any CPU
		{9B4E9722-F14C-4DAA-B386-DCD0A92583DF}.Debug|x86.ActiveCfg = Debug|Any CPU
		{9B4E9722-F14C-4DAA-B386-DCD0A92583DF}.Debug|x86.Build.0 = Debug|Any CPU
		{9B4E9722-F14C-4DAA-B386-DCD0A92583DF}.Release|Any CPU.ActiveCfg = Release|Any CPU
		{9B4E9722-F14C-4DAA-B386-DCD0A92583DF}.Release|Any CPU.Build.0 = Release|Any CPU
		{9B4E9722-F14C-4DAA-B386-DCD0A92583DF}.Release|x64.ActiveCfg = Release|Any CPU
		{9B4E9722-F14C-4DAA-B386-DCD0A92583DF}.Release|x64.Build.0 = Release|Any CPU
		{9B4E9722-F14C-4DAA-B386-DCD0A92583DF}.Release|x86.ActiveCfg = Release|Any CPU
		{9B4E9722-F14C-4DAA-B386-DCD0A92583DF}.Release|x86.Build.0 = Release|Any CPU
		{C215DCF2-6A5F-4B21-A30B-0ECA4F8CEFD3}.Debug|Any CPU.ActiveCfg = Debug|Any CPU
		{C215DCF2-6A5F-4B21-A30B-0ECA4F8CEFD3}.Debug|Any CPU.Build.0 = Debug|Any CPU
		{C215DCF2-6A5F-4B21-A30B-0ECA4F8CEFD3}.Debug|x64.ActiveCfg = Debug|Any CPU
		{C215DCF2-6A5F-4B21-A30B-0ECA4F8CEFD3}.Debug|x64.Build.0 = Debug|Any CPU
		{C215DCF2-6A5F-4B21-A30B-0ECA4F8CEFD3}.Debug|x86.ActiveCfg = Debug|Any CPU
		{C215DCF2-6A5F-4B21-A30B-0ECA4F8CEFD3}.Debug|x86.Build.0 = Debug|Any CPU
		{C215DCF2-6A5F-4B21-A30B-0ECA4F8CEFD3}.Release|Any CPU.ActiveCfg = Release|Any CPU
		{C215DCF2-6A5F-4B21-A30B-0ECA4F8CEFD3}.Release|Any CPU.Build.0 = Release|Any CPU
		{C215DCF2-6A5F-4B21-A30B-0ECA4F8CEFD3}.Release|x64.ActiveCfg = Release|Any CPU
		{C215DCF2-6A5F-4B21-A30B-0ECA4F8CEFD3}.Release|x64.Build.0 = Release|Any CPU
		{C215DCF2-6A5F-4B21-A30B-0ECA4F8CEFD3}.Release|x86.ActiveCfg = Release|Any CPU
		{C215DCF2-6A5F-4B21-A30B-0ECA4F8CEFD3}.Release|x86.Build.0 = Release|Any CPU
		{723E6916-0E9F-4717-84DD-9D0A54BA9745}.Debug|Any CPU.ActiveCfg = Debug|Any CPU
		{723E6916-0E9F-4717-84DD-9D0A54BA9745}.Debug|Any CPU.Build.0 = Debug|Any CPU
		{723E6916-0E9F-4717-84DD-9D0A54BA9745}.Debug|x64.ActiveCfg = Debug|Any CPU
		{723E6916-0E9F-4717-84DD-9D0A54BA9745}.Debug|x64.Build.0 = Debug|Any CPU
		{723E6916-0E9F-4717-84DD-9D0A54BA9745}.Debug|x86.ActiveCfg = Debug|Any CPU
		{723E6916-0E9F-4717-84DD-9D0A54BA9745}.Debug|x86.Build.0 = Debug|Any CPU
		{723E6916-0E9F-4717-84DD-9D0A54BA9745}.Release|Any CPU.ActiveCfg = Release|Any CPU
		{723E6916-0E9F-4717-84DD-9D0A54BA9745}.Release|Any CPU.Build.0 = Release|Any CPU
		{723E6916-0E9F-4717-84DD-9D0A54BA9745}.Release|x64.ActiveCfg = Release|Any CPU
		{723E6916-0E9F-4717-84DD-9D0A54BA9745}.Release|x64.Build.0 = Release|Any CPU
		{723E6916-0E9F-4717-84DD-9D0A54BA9745}.Release|x86.ActiveCfg = Release|Any CPU
		{723E6916-0E9F-4717-84DD-9D0A54BA9745}.Release|x86.Build.0 = Release|Any CPU
		{4BDDC4F7-831E-4838-95FE-7DAD6245CB22}.Debug|Any CPU.ActiveCfg = Debug|Any CPU
		{4BDDC4F7-831E-4838-95FE-7DAD6245CB22}.Debug|Any CPU.Build.0 = Debug|Any CPU
		{4BDDC4F7-831E-4838-95FE-7DAD6245CB22}.Debug|x64.ActiveCfg = Debug|Any CPU
		{4BDDC4F7-831E-4838-95FE-7DAD6245CB22}.Debug|x64.Build.0 = Debug|Any CPU
		{4BDDC4F7-831E-4838-95FE-7DAD6245CB22}.Debug|x86.ActiveCfg = Debug|Any CPU
		{4BDDC4F7-831E-4838-95FE-7DAD6245CB22}.Debug|x86.Build.0 = Debug|Any CPU
		{4BDDC4F7-831E-4838-95FE-7DAD6245CB22}.Release|Any CPU.ActiveCfg = Release|Any CPU
		{4BDDC4F7-831E-4838-95FE-7DAD6245CB22}.Release|Any CPU.Build.0 = Release|Any CPU
		{4BDDC4F7-831E-4838-95FE-7DAD6245CB22}.Release|x64.ActiveCfg = Release|Any CPU
		{4BDDC4F7-831E-4838-95FE-7DAD6245CB22}.Release|x64.Build.0 = Release|Any CPU
		{4BDDC4F7-831E-4838-95FE-7DAD6245CB22}.Release|x86.ActiveCfg = Release|Any CPU
		{4BDDC4F7-831E-4838-95FE-7DAD6245CB22}.Release|x86.Build.0 = Release|Any CPU
		{2A60771F-65DD-4407-BD5D-EE83BE0ACD52}.Debug|Any CPU.ActiveCfg = Debug|Any CPU
		{2A60771F-65DD-4407-BD5D-EE83BE0ACD52}.Debug|Any CPU.Build.0 = Debug|Any CPU
		{2A60771F-65DD-4407-BD5D-EE83BE0ACD52}.Debug|x64.ActiveCfg = Debug|Any CPU
		{2A60771F-65DD-4407-BD5D-EE83BE0ACD52}.Debug|x64.Build.0 = Debug|Any CPU
		{2A60771F-65DD-4407-BD5D-EE83BE0ACD52}.Debug|x86.ActiveCfg = Debug|Any CPU
		{2A60771F-65DD-4407-BD5D-EE83BE0ACD52}.Debug|x86.Build.0 = Debug|Any CPU
		{2A60771F-65DD-4407-BD5D-EE83BE0ACD52}.Release|Any CPU.ActiveCfg = Release|Any CPU
		{2A60771F-65DD-4407-BD5D-EE83BE0ACD52}.Release|Any CPU.Build.0 = Release|Any CPU
		{2A60771F-65DD-4407-BD5D-EE83BE0ACD52}.Release|x64.ActiveCfg = Release|Any CPU
		{2A60771F-65DD-4407-BD5D-EE83BE0ACD52}.Release|x64.Build.0 = Release|Any CPU
		{2A60771F-65DD-4407-BD5D-EE83BE0ACD52}.Release|x86.ActiveCfg = Release|Any CPU
		{2A60771F-65DD-4407-BD5D-EE83BE0ACD52}.Release|x86.Build.0 = Release|Any CPU
		{3CA054DD-BF74-418F-99DA-4E80FB66577A}.Debug|Any CPU.ActiveCfg = Debug|Any CPU
		{3CA054DD-BF74-418F-99DA-4E80FB66577A}.Debug|Any CPU.Build.0 = Debug|Any CPU
		{3CA054DD-BF74-418F-99DA-4E80FB66577A}.Debug|x64.ActiveCfg = Debug|Any CPU
		{3CA054DD-BF74-418F-99DA-4E80FB66577A}.Debug|x64.Build.0 = Debug|Any CPU
		{3CA054DD-BF74-418F-99DA-4E80FB66577A}.Debug|x86.ActiveCfg = Debug|Any CPU
		{3CA054DD-BF74-418F-99DA-4E80FB66577A}.Debug|x86.Build.0 = Debug|Any CPU
		{3CA054DD-BF74-418F-99DA-4E80FB66577A}.Release|Any CPU.ActiveCfg = Release|Any CPU
		{3CA054DD-BF74-418F-99DA-4E80FB66577A}.Release|Any CPU.Build.0 = Release|Any CPU
		{3CA054DD-BF74-418F-99DA-4E80FB66577A}.Release|x64.ActiveCfg = Release|Any CPU
		{3CA054DD-BF74-418F-99DA-4E80FB66577A}.Release|x64.Build.0 = Release|Any CPU
		{3CA054DD-BF74-418F-99DA-4E80FB66577A}.Release|x86.ActiveCfg = Release|Any CPU
		{3CA054DD-BF74-418F-99DA-4E80FB66577A}.Release|x86.Build.0 = Release|Any CPU
		{EF67B91D-E46B-433A-AEE2-2104AD867FF4}.Debug|Any CPU.ActiveCfg = Debug|Any CPU
		{EF67B91D-E46B-433A-AEE2-2104AD867FF4}.Debug|Any CPU.Build.0 = Debug|Any CPU
		{EF67B91D-E46B-433A-AEE2-2104AD867FF4}.Debug|x64.ActiveCfg = Debug|Any CPU
		{EF67B91D-E46B-433A-AEE2-2104AD867FF4}.Debug|x64.Build.0 = Debug|Any CPU
		{EF67B91D-E46B-433A-AEE2-2104AD867FF4}.Debug|x86.ActiveCfg = Debug|Any CPU
		{EF67B91D-E46B-433A-AEE2-2104AD867FF4}.Debug|x86.Build.0 = Debug|Any CPU
		{EF67B91D-E46B-433A-AEE2-2104AD867FF4}.Release|Any CPU.ActiveCfg = Release|Any CPU
		{EF67B91D-E46B-433A-AEE2-2104AD867FF4}.Release|Any CPU.Build.0 = Release|Any CPU
		{EF67B91D-E46B-433A-AEE2-2104AD867FF4}.Release|x64.ActiveCfg = Release|Any CPU
		{EF67B91D-E46B-433A-AEE2-2104AD867FF4}.Release|x64.Build.0 = Release|Any CPU
		{EF67B91D-E46B-433A-AEE2-2104AD867FF4}.Release|x86.ActiveCfg = Release|Any CPU
		{EF67B91D-E46B-433A-AEE2-2104AD867FF4}.Release|x86.Build.0 = Release|Any CPU
		{27EB61EC-7BFA-4956-9772-6428556DA812}.Debug|Any CPU.ActiveCfg = Debug|Any CPU
		{27EB61EC-7BFA-4956-9772-6428556DA812}.Debug|Any CPU.Build.0 = Debug|Any CPU
		{27EB61EC-7BFA-4956-9772-6428556DA812}.Debug|x64.ActiveCfg = Debug|Any CPU
		{27EB61EC-7BFA-4956-9772-6428556DA812}.Debug|x64.Build.0 = Debug|Any CPU
		{27EB61EC-7BFA-4956-9772-6428556DA812}.Debug|x86.ActiveCfg = Debug|Any CPU
		{27EB61EC-7BFA-4956-9772-6428556DA812}.Debug|x86.Build.0 = Debug|Any CPU
		{27EB61EC-7BFA-4956-9772-6428556DA812}.Release|Any CPU.ActiveCfg = Release|Any CPU
		{27EB61EC-7BFA-4956-9772-6428556DA812}.Release|Any CPU.Build.0 = Release|Any CPU
		{27EB61EC-7BFA-4956-9772-6428556DA812}.Release|x64.ActiveCfg = Release|Any CPU
		{27EB61EC-7BFA-4956-9772-6428556DA812}.Release|x64.Build.0 = Release|Any CPU
		{27EB61EC-7BFA-4956-9772-6428556DA812}.Release|x86.ActiveCfg = Release|Any CPU
		{27EB61EC-7BFA-4956-9772-6428556DA812}.Release|x86.Build.0 = Release|Any CPU
		{5E89ABAE-6527-4D2D-BA8A-095E78E1B015}.Debug|Any CPU.ActiveCfg = Debug|Any CPU
		{5E89ABAE-6527-4D2D-BA8A-095E78E1B015}.Debug|Any CPU.Build.0 = Debug|Any CPU
		{5E89ABAE-6527-4D2D-BA8A-095E78E1B015}.Debug|x64.ActiveCfg = Debug|Any CPU
		{5E89ABAE-6527-4D2D-BA8A-095E78E1B015}.Debug|x64.Build.0 = Debug|Any CPU
		{5E89ABAE-6527-4D2D-BA8A-095E78E1B015}.Debug|x86.ActiveCfg = Debug|Any CPU
		{5E89ABAE-6527-4D2D-BA8A-095E78E1B015}.Debug|x86.Build.0 = Debug|Any CPU
		{5E89ABAE-6527-4D2D-BA8A-095E78E1B015}.Release|Any CPU.ActiveCfg = Release|Any CPU
		{5E89ABAE-6527-4D2D-BA8A-095E78E1B015}.Release|Any CPU.Build.0 = Release|Any CPU
		{5E89ABAE-6527-4D2D-BA8A-095E78E1B015}.Release|x64.ActiveCfg = Release|Any CPU
		{5E89ABAE-6527-4D2D-BA8A-095E78E1B015}.Release|x64.Build.0 = Release|Any CPU
		{5E89ABAE-6527-4D2D-BA8A-095E78E1B015}.Release|x86.ActiveCfg = Release|Any CPU
		{5E89ABAE-6527-4D2D-BA8A-095E78E1B015}.Release|x86.Build.0 = Release|Any CPU
		{CD64CB3E-F373-48D2-AE51-1978C663A5A7}.Debug|Any CPU.ActiveCfg = Debug|Any CPU
		{CD64CB3E-F373-48D2-AE51-1978C663A5A7}.Debug|Any CPU.Build.0 = Debug|Any CPU
		{CD64CB3E-F373-48D2-AE51-1978C663A5A7}.Debug|x64.ActiveCfg = Debug|Any CPU
		{CD64CB3E-F373-48D2-AE51-1978C663A5A7}.Debug|x64.Build.0 = Debug|Any CPU
		{CD64CB3E-F373-48D2-AE51-1978C663A5A7}.Debug|x86.ActiveCfg = Debug|Any CPU
		{CD64CB3E-F373-48D2-AE51-1978C663A5A7}.Debug|x86.Build.0 = Debug|Any CPU
		{CD64CB3E-F373-48D2-AE51-1978C663A5A7}.Release|Any CPU.ActiveCfg = Release|Any CPU
		{CD64CB3E-F373-48D2-AE51-1978C663A5A7}.Release|Any CPU.Build.0 = Release|Any CPU
		{CD64CB3E-F373-48D2-AE51-1978C663A5A7}.Release|x64.ActiveCfg = Release|Any CPU
		{CD64CB3E-F373-48D2-AE51-1978C663A5A7}.Release|x64.Build.0 = Release|Any CPU
		{CD64CB3E-F373-48D2-AE51-1978C663A5A7}.Release|x86.ActiveCfg = Release|Any CPU
		{CD64CB3E-F373-48D2-AE51-1978C663A5A7}.Release|x86.Build.0 = Release|Any CPU
		{815918A9-0BCD-4AB5-AA67-B221ABFF3CA5}.Debug|Any CPU.ActiveCfg = Debug|Any CPU
		{815918A9-0BCD-4AB5-AA67-B221ABFF3CA5}.Debug|Any CPU.Build.0 = Debug|Any CPU
		{815918A9-0BCD-4AB5-AA67-B221ABFF3CA5}.Debug|x64.ActiveCfg = Debug|Any CPU
		{815918A9-0BCD-4AB5-AA67-B221ABFF3CA5}.Debug|x64.Build.0 = Debug|Any CPU
		{815918A9-0BCD-4AB5-AA67-B221ABFF3CA5}.Debug|x86.ActiveCfg = Debug|Any CPU
		{815918A9-0BCD-4AB5-AA67-B221ABFF3CA5}.Debug|x86.Build.0 = Debug|Any CPU
		{815918A9-0BCD-4AB5-AA67-B221ABFF3CA5}.Release|Any CPU.ActiveCfg = Release|Any CPU
		{815918A9-0BCD-4AB5-AA67-B221ABFF3CA5}.Release|Any CPU.Build.0 = Release|Any CPU
		{815918A9-0BCD-4AB5-AA67-B221ABFF3CA5}.Release|x64.ActiveCfg = Release|Any CPU
		{815918A9-0BCD-4AB5-AA67-B221ABFF3CA5}.Release|x64.Build.0 = Release|Any CPU
		{815918A9-0BCD-4AB5-AA67-B221ABFF3CA5}.Release|x86.ActiveCfg = Release|Any CPU
		{815918A9-0BCD-4AB5-AA67-B221ABFF3CA5}.Release|x86.Build.0 = Release|Any CPU
		{A456BF80-85A2-4051-9BD0-048E1CC38277}.Debug|Any CPU.ActiveCfg = Debug|Any CPU
		{A456BF80-85A2-4051-9BD0-048E1CC38277}.Debug|Any CPU.Build.0 = Debug|Any CPU
		{A456BF80-85A2-4051-9BD0-048E1CC38277}.Debug|x64.ActiveCfg = Debug|Any CPU
		{A456BF80-85A2-4051-9BD0-048E1CC38277}.Debug|x64.Build.0 = Debug|Any CPU
		{A456BF80-85A2-4051-9BD0-048E1CC38277}.Debug|x86.ActiveCfg = Debug|Any CPU
		{A456BF80-85A2-4051-9BD0-048E1CC38277}.Debug|x86.Build.0 = Debug|Any CPU
		{A456BF80-85A2-4051-9BD0-048E1CC38277}.Release|Any CPU.ActiveCfg = Release|Any CPU
		{A456BF80-85A2-4051-9BD0-048E1CC38277}.Release|Any CPU.Build.0 = Release|Any CPU
		{A456BF80-85A2-4051-9BD0-048E1CC38277}.Release|x64.ActiveCfg = Release|Any CPU
		{A456BF80-85A2-4051-9BD0-048E1CC38277}.Release|x64.Build.0 = Release|Any CPU
		{A456BF80-85A2-4051-9BD0-048E1CC38277}.Release|x86.ActiveCfg = Release|Any CPU
		{A456BF80-85A2-4051-9BD0-048E1CC38277}.Release|x86.Build.0 = Release|Any CPU
		{F39D1896-0BA9-4F57-B6B5-E9ACF41C0569}.Debug|Any CPU.ActiveCfg = Debug|Any CPU
		{F39D1896-0BA9-4F57-B6B5-E9ACF41C0569}.Debug|Any CPU.Build.0 = Debug|Any CPU
		{F39D1896-0BA9-4F57-B6B5-E9ACF41C0569}.Debug|x64.ActiveCfg = Debug|Any CPU
		{F39D1896-0BA9-4F57-B6B5-E9ACF41C0569}.Debug|x64.Build.0 = Debug|Any CPU
		{F39D1896-0BA9-4F57-B6B5-E9ACF41C0569}.Debug|x86.ActiveCfg = Debug|Any CPU
		{F39D1896-0BA9-4F57-B6B5-E9ACF41C0569}.Debug|x86.Build.0 = Debug|Any CPU
		{F39D1896-0BA9-4F57-B6B5-E9ACF41C0569}.Release|Any CPU.ActiveCfg = Release|Any CPU
		{F39D1896-0BA9-4F57-B6B5-E9ACF41C0569}.Release|Any CPU.Build.0 = Release|Any CPU
		{F39D1896-0BA9-4F57-B6B5-E9ACF41C0569}.Release|x64.ActiveCfg = Release|Any CPU
		{F39D1896-0BA9-4F57-B6B5-E9ACF41C0569}.Release|x64.Build.0 = Release|Any CPU
		{F39D1896-0BA9-4F57-B6B5-E9ACF41C0569}.Release|x86.ActiveCfg = Release|Any CPU
		{F39D1896-0BA9-4F57-B6B5-E9ACF41C0569}.Release|x86.Build.0 = Release|Any CPU
		{679A6079-21CE-4D26-9809-5750F1D8F499}.Debug|Any CPU.ActiveCfg = Debug|Any CPU
		{679A6079-21CE-4D26-9809-5750F1D8F499}.Debug|Any CPU.Build.0 = Debug|Any CPU
		{679A6079-21CE-4D26-9809-5750F1D8F499}.Debug|x64.ActiveCfg = Debug|Any CPU
		{679A6079-21CE-4D26-9809-5750F1D8F499}.Debug|x64.Build.0 = Debug|Any CPU
		{679A6079-21CE-4D26-9809-5750F1D8F499}.Debug|x86.ActiveCfg = Debug|Any CPU
		{679A6079-21CE-4D26-9809-5750F1D8F499}.Debug|x86.Build.0 = Debug|Any CPU
		{679A6079-21CE-4D26-9809-5750F1D8F499}.Release|Any CPU.ActiveCfg = Release|Any CPU
		{679A6079-21CE-4D26-9809-5750F1D8F499}.Release|Any CPU.Build.0 = Release|Any CPU
		{679A6079-21CE-4D26-9809-5750F1D8F499}.Release|x64.ActiveCfg = Release|Any CPU
		{679A6079-21CE-4D26-9809-5750F1D8F499}.Release|x64.Build.0 = Release|Any CPU
		{679A6079-21CE-4D26-9809-5750F1D8F499}.Release|x86.ActiveCfg = Release|Any CPU
		{679A6079-21CE-4D26-9809-5750F1D8F499}.Release|x86.Build.0 = Release|Any CPU
		{05D99840-9A2B-45F4-ACEA-D77981EC3458}.Debug|Any CPU.ActiveCfg = Debug|Any CPU
		{05D99840-9A2B-45F4-ACEA-D77981EC3458}.Debug|Any CPU.Build.0 = Debug|Any CPU
		{05D99840-9A2B-45F4-ACEA-D77981EC3458}.Debug|x64.ActiveCfg = Debug|Any CPU
		{05D99840-9A2B-45F4-ACEA-D77981EC3458}.Debug|x64.Build.0 = Debug|Any CPU
		{05D99840-9A2B-45F4-ACEA-D77981EC3458}.Debug|x86.ActiveCfg = Debug|Any CPU
		{05D99840-9A2B-45F4-ACEA-D77981EC3458}.Debug|x86.Build.0 = Debug|Any CPU
		{05D99840-9A2B-45F4-ACEA-D77981EC3458}.Release|Any CPU.ActiveCfg = Release|Any CPU
		{05D99840-9A2B-45F4-ACEA-D77981EC3458}.Release|Any CPU.Build.0 = Release|Any CPU
		{05D99840-9A2B-45F4-ACEA-D77981EC3458}.Release|x64.ActiveCfg = Release|Any CPU
		{05D99840-9A2B-45F4-ACEA-D77981EC3458}.Release|x64.Build.0 = Release|Any CPU
		{05D99840-9A2B-45F4-ACEA-D77981EC3458}.Release|x86.ActiveCfg = Release|Any CPU
		{05D99840-9A2B-45F4-ACEA-D77981EC3458}.Release|x86.Build.0 = Release|Any CPU
		{6D048E02-E755-43D1-B55E-1ED8EAC74662}.Debug|Any CPU.ActiveCfg = Debug|Any CPU
		{6D048E02-E755-43D1-B55E-1ED8EAC74662}.Debug|Any CPU.Build.0 = Debug|Any CPU
		{6D048E02-E755-43D1-B55E-1ED8EAC74662}.Debug|x64.ActiveCfg = Debug|Any CPU
		{6D048E02-E755-43D1-B55E-1ED8EAC74662}.Debug|x64.Build.0 = Debug|Any CPU
		{6D048E02-E755-43D1-B55E-1ED8EAC74662}.Debug|x86.ActiveCfg = Debug|Any CPU
		{6D048E02-E755-43D1-B55E-1ED8EAC74662}.Debug|x86.Build.0 = Debug|Any CPU
		{6D048E02-E755-43D1-B55E-1ED8EAC74662}.Release|Any CPU.ActiveCfg = Release|Any CPU
		{6D048E02-E755-43D1-B55E-1ED8EAC74662}.Release|Any CPU.Build.0 = Release|Any CPU
		{6D048E02-E755-43D1-B55E-1ED8EAC74662}.Release|x64.ActiveCfg = Release|Any CPU
		{6D048E02-E755-43D1-B55E-1ED8EAC74662}.Release|x64.Build.0 = Release|Any CPU
		{6D048E02-E755-43D1-B55E-1ED8EAC74662}.Release|x86.ActiveCfg = Release|Any CPU
		{6D048E02-E755-43D1-B55E-1ED8EAC74662}.Release|x86.Build.0 = Release|Any CPU
		{B472A097-0869-4301-8B26-967D08B535AD}.Debug|Any CPU.ActiveCfg = Debug|Any CPU
		{B472A097-0869-4301-8B26-967D08B535AD}.Debug|Any CPU.Build.0 = Debug|Any CPU
		{B472A097-0869-4301-8B26-967D08B535AD}.Debug|x64.ActiveCfg = Debug|Any CPU
		{B472A097-0869-4301-8B26-967D08B535AD}.Debug|x64.Build.0 = Debug|Any CPU
		{B472A097-0869-4301-8B26-967D08B535AD}.Debug|x86.ActiveCfg = Debug|Any CPU
		{B472A097-0869-4301-8B26-967D08B535AD}.Debug|x86.Build.0 = Debug|Any CPU
		{B472A097-0869-4301-8B26-967D08B535AD}.Release|Any CPU.ActiveCfg = Release|Any CPU
		{B472A097-0869-4301-8B26-967D08B535AD}.Release|Any CPU.Build.0 = Release|Any CPU
		{B472A097-0869-4301-8B26-967D08B535AD}.Release|x64.ActiveCfg = Release|Any CPU
		{B472A097-0869-4301-8B26-967D08B535AD}.Release|x64.Build.0 = Release|Any CPU
		{B472A097-0869-4301-8B26-967D08B535AD}.Release|x86.ActiveCfg = Release|Any CPU
		{B472A097-0869-4301-8B26-967D08B535AD}.Release|x86.Build.0 = Release|Any CPU
		{993C449B-21CC-43F0-9CB5-C436FEF40E1A}.Debug|Any CPU.ActiveCfg = Debug|Any CPU
		{993C449B-21CC-43F0-9CB5-C436FEF40E1A}.Debug|Any CPU.Build.0 = Debug|Any CPU
		{993C449B-21CC-43F0-9CB5-C436FEF40E1A}.Debug|x64.ActiveCfg = Debug|Any CPU
		{993C449B-21CC-43F0-9CB5-C436FEF40E1A}.Debug|x64.Build.0 = Debug|Any CPU
		{993C449B-21CC-43F0-9CB5-C436FEF40E1A}.Debug|x86.ActiveCfg = Debug|Any CPU
		{993C449B-21CC-43F0-9CB5-C436FEF40E1A}.Debug|x86.Build.0 = Debug|Any CPU
		{993C449B-21CC-43F0-9CB5-C436FEF40E1A}.Release|Any CPU.ActiveCfg = Release|Any CPU
		{993C449B-21CC-43F0-9CB5-C436FEF40E1A}.Release|Any CPU.Build.0 = Release|Any CPU
		{993C449B-21CC-43F0-9CB5-C436FEF40E1A}.Release|x64.ActiveCfg = Release|Any CPU
		{993C449B-21CC-43F0-9CB5-C436FEF40E1A}.Release|x64.Build.0 = Release|Any CPU
		{993C449B-21CC-43F0-9CB5-C436FEF40E1A}.Release|x86.ActiveCfg = Release|Any CPU
		{993C449B-21CC-43F0-9CB5-C436FEF40E1A}.Release|x86.Build.0 = Release|Any CPU
		{579F9F19-D561-4055-A676-9550886C7B9D}.Debug|Any CPU.ActiveCfg = Debug|Any CPU
		{579F9F19-D561-4055-A676-9550886C7B9D}.Debug|Any CPU.Build.0 = Debug|Any CPU
		{579F9F19-D561-4055-A676-9550886C7B9D}.Debug|x64.ActiveCfg = Debug|Any CPU
		{579F9F19-D561-4055-A676-9550886C7B9D}.Debug|x64.Build.0 = Debug|Any CPU
		{579F9F19-D561-4055-A676-9550886C7B9D}.Debug|x86.ActiveCfg = Debug|Any CPU
		{579F9F19-D561-4055-A676-9550886C7B9D}.Debug|x86.Build.0 = Debug|Any CPU
		{579F9F19-D561-4055-A676-9550886C7B9D}.Release|Any CPU.ActiveCfg = Release|Any CPU
		{579F9F19-D561-4055-A676-9550886C7B9D}.Release|Any CPU.Build.0 = Release|Any CPU
		{579F9F19-D561-4055-A676-9550886C7B9D}.Release|x64.ActiveCfg = Release|Any CPU
		{579F9F19-D561-4055-A676-9550886C7B9D}.Release|x64.Build.0 = Release|Any CPU
		{579F9F19-D561-4055-A676-9550886C7B9D}.Release|x86.ActiveCfg = Release|Any CPU
		{579F9F19-D561-4055-A676-9550886C7B9D}.Release|x86.Build.0 = Release|Any CPU
	EndGlobalSection
	GlobalSection(SolutionProperties) = preSolution
		HideSolutionNode = FALSE
	EndGlobalSection
	GlobalSection(ExtensibilityGlobals) = postSolution
		SolutionGuid = {EE356E12-B198-4B6B-8A3C-D96C5BFEF035}
	EndGlobalSection
EndGlobal
